
Microsoft Visual Studio Solution File, Format Version 12.00
# Visual Studio Version 17
VisualStudioVersion = 17.13.35825.156 d17.13
MinimumVisualStudioVersion = 10.0.40219.1
Project("{FAE04EC0-301F-11D3-BF4B-00C04F79EFBC}") = "DataViewer", "DataViewer\DataViewer.csproj", "{69F4AB53-2DDD-4E84-A1D8-161E4F4567D1}"
EndProject
Global
	GlobalSection(SolutionConfigurationPlatforms) = preSolution
		Debug|Any CPU = Debug|Any CPU
		Release|Any CPU = Release|Any CPU
	EndGlobalSection
	GlobalSection(ProjectConfigurationPlatforms) = postSolution
		{69F4AB53-2DDD-4E84-A1D8-161E4F4567D1}.Debug|Any CPU.ActiveCfg = Debug|Any CPU
		{69F4AB53-2DDD-4E84-A1D8-161E4F4567D1}.Debug|Any CPU.Build.0 = Debug|Any CPU
		{69F4AB53-2DDD-4E84-A1D8-161E4F4567D1}.Release|Any CPU.ActiveCfg = Release|Any CPU
		{69F4AB53-2DDD-4E84-A1D8-161E4F4567D1}.Release|Any CPU.Build.0 = Release|Any CPU
	EndGlobalSection
	GlobalSection(SolutionProperties) = preSolution
		HideSolutionNode = FALSE
	EndGlobalSection
	GlobalSection(ExtensibilityGlobals) = postSolution
		SolutionGuid = {D21D215D-24D8-4925-91A6-9872E096B842}
	EndGlobalSection
EndGlobal
